
Microsoft Visual Studio Solution File, Format Version 12.00
# Visual Studio Version 16
VisualStudioVersion = 16.0.31112.23
MinimumVisualStudioVersion = 10.0.40219.1
Project("{FAE04EC0-301F-11D3-BF4B-00C04F79EFBC}") = "MediaAlunos", "MediaAlunos\MediaAlunos.csproj", "{57FC4FE6-F6AC-4258-B6EF-09C7A713AA8C}"
EndProject
Global
	GlobalSection(SolutionConfigurationPlatforms) = preSolution
		Debug|Any CPU = Debug|Any CPU
		Release|Any CPU = Release|Any CPU
	EndGlobalSection
	GlobalSection(ProjectConfigurationPlatforms) = postSolution
		{57FC4FE6-F6AC-4258-B6EF-09C7A713AA8C}.Debug|Any CPU.ActiveCfg = Debug|Any CPU
		{57FC4FE6-F6AC-4258-B6EF-09C7A713AA8C}.Debug|Any CPU.Build.0 = Debug|Any CPU
		{57FC4FE6-F6AC-4258-B6EF-09C7A713AA8C}.Release|Any CPU.ActiveCfg = Release|Any CPU
		{57FC4FE6-F6AC-4258-B6EF-09C7A713AA8C}.Release|Any CPU.Build.0 = Release|Any CPU
	EndGlobalSection
	GlobalSection(SolutionProperties) = preSolution
		HideSolutionNode = FALSE
	EndGlobalSection
	GlobalSection(ExtensibilityGlobals) = postSolution
		SolutionGuid = {D01CD5B0-CAB0-410A-96B1-7C03E30B2431}
	EndGlobalSection
EndGlobal
